
Microsoft Visual Studio Solution File, Format Version 12.00
# Visual Studio 14
VisualStudioVersion = 14.0.23107.0
MinimumVisualStudioVersion = 10.0.40219.1
Project("{8BC9CEB8-8B4A-11D0-8D11-00A0C91BC942}") = "DatabaseBackend", "DatabaseBackend\DatabaseBackend.vcxproj", "{60537012-FE58-45E9-9905-6D8B1B470529}"
EndProject
Project("{8BC9CEB8-8B4A-11D0-8D11-00A0C91BC942}") = "DatabaseMemorybased", "DatabaseMemorybased\DatabaseMemorybased.vcxproj", "{DF1E6781-2A7F-497C-8BD2-9E791209D8FB}"
EndProject
Global
	GlobalSection(SolutionConfigurationPlatforms) = preSolution
		Debug|x64 = Debug|x64
		Debug|x86 = Debug|x86
		Release|x64 = Release|x64
		Release|x86 = Release|x86
	EndGlobalSection
	GlobalSection(ProjectConfigurationPlatforms) = postSolution
		{60537012-FE58-45E9-9905-6D8B1B470529}.Debug|x64.ActiveCfg = Debug|x64
		{60537012-FE58-45E9-9905-6D8B1B470529}.Debug|x64.Build.0 = Debug|x64
		{60537012-FE58-45E9-9905-6D8B1B470529}.Debug|x86.ActiveCfg = Debug|Win32
		{60537012-FE58-45E9-9905-6D8B1B470529}.Debug|x86.Build.0 = Debug|Win32
		{60537012-FE58-45E9-9905-6D8B1B470529}.Release|x64.ActiveCfg = Release|x64
		{60537012-FE58-45E9-9905-6D8B1B470529}.Release|x64.Build.0 = Release|x64
		{60537012-FE58-45E9-9905-6D8B1B470529}.Release|x86.ActiveCfg = Release|Win32
		{60537012-FE58-45E9-9905-6D8B1B470529}.Release|x86.Build.0 = Release|Win32
		{DF1E6781-2A7F-497C-8BD2-9E791209D8FB}.Debug|x64.ActiveCfg = Debug|x64
		{DF1E6781-2A7F-497C-8BD2-9E791209D8FB}.Debug|x64.Build.0 = Debug|x64
		{DF1E6781-2A7F-497C-8BD2-9E791209D8FB}.Debug|x86.ActiveCfg = Debug|Win32
		{DF1E6781-2A7F-497C-8BD2-9E791209D8FB}.Debug|x86.Build.0 = Debug|Win32
		{DF1E6781-2A7F-497C-8BD2-9E791209D8FB}.Release|x64.ActiveCfg = Release|x64
		{DF1E6781-2A7F-497C-8BD2-9E791209D8FB}.Release|x64.Build.0 = Release|x64
		{DF1E6781-2A7F-497C-8BD2-9E791209D8FB}.Release|x86.ActiveCfg = Release|Win32
		{DF1E6781-2A7F-497C-8BD2-9E791209D8FB}.Release|x86.Build.0 = Release|Win32
	EndGlobalSection
	GlobalSection(SolutionProperties) = preSolution
		HideSolutionNode = FALSE
	EndGlobalSection
EndGlobal
